
Microsoft Visual Studio Solution File, Format Version 12.00
# Visual Studio Version 16
VisualStudioVersion = 16.0.30002.166
MinimumVisualStudioVersion = 10.0.40219.1
Project("{FAE04EC0-301F-11D3-BF4B-00C04F79EFBC}") = "Composicao_e_1", "Composicao_e_1\Composicao_e_1.csproj", "{46A979CD-979B-4DFF-98B6-18C117595430}"
EndProject
Global
	GlobalSection(SolutionConfigurationPlatforms) = preSolution
		Debug|Any CPU = Debug|Any CPU
		Release|Any CPU = Release|Any CPU
	EndGlobalSection
	GlobalSection(ProjectConfigurationPlatforms) = postSolution
		{46A979CD-979B-4DFF-98B6-18C117595430}.Debug|Any CPU.ActiveCfg = Debug|Any CPU
		{46A979CD-979B-4DFF-98B6-18C117595430}.Debug|Any CPU.Build.0 = Debug|Any CPU
		{46A979CD-979B-4DFF-98B6-18C117595430}.Release|Any CPU.ActiveCfg = Release|Any CPU
		{46A979CD-979B-4DFF-98B6-18C117595430}.Release|Any CPU.Build.0 = Release|Any CPU
	EndGlobalSection
	GlobalSection(SolutionProperties) = preSolution
		HideSolutionNode = FALSE
	EndGlobalSection
	GlobalSection(ExtensibilityGlobals) = postSolution
		SolutionGuid = {544D1515-AA83-46CF-9533-26485742AE2D}
	EndGlobalSection
EndGlobal
